Microsoft Visual Studio Solution File, Format Version 12.00
# Visual Studio Version 17
VisualStudioVersion = 17.5.2.0
MinimumVisualStudioVersion = 10.0.40219.1
Project("{FAE04EC0-301F-11D3-BF4B-00C04F79EFBC}") = "azure_servicebus_topics_devcontainer", "azure_servicebus_topics_devcontainer.csproj", "{EB629EF1-3CE1-E46B-05E3-4D4BF306B49E}"
EndProject
Global
	GlobalSection(SolutionConfigurationPlatforms) = preSolution
		Debug|Any CPU = Debug|Any CPU
		Release|Any CPU = Release|Any CPU
	EndGlobalSection
	GlobalSection(ProjectConfigurationPlatforms) = postSolution
		{EB629EF1-3CE1-E46B-05E3-4D4BF306B49E}.Debug|Any CPU.ActiveCfg = Debug|Any CPU
		{EB629EF1-3CE1-E46B-05E3-4D4BF306B49E}.Debug|Any CPU.Build.0 = Debug|Any CPU
		{EB629EF1-3CE1-E46B-05E3-4D4BF306B49E}.Release|Any CPU.ActiveCfg = Release|Any CPU
		{EB629EF1-3CE1-E46B-05E3-4D4BF306B49E}.Release|Any CPU.Build.0 = Release|Any CPU
	EndGlobalSection
	GlobalSection(SolutionProperties) = preSolution
		HideSolutionNode = FALSE
	EndGlobalSection
	GlobalSection(ExtensibilityGlobals) = postSolution
		SolutionGuid = {8377C1CB-D986-4897-B8B7-157B1D93FACD}
	EndGlobalSection
EndGlobal
